
Microsoft Visual Studio Solution File, Format Version 12.00
# Visual Studio Version 16
VisualStudioVersion = 16.0.30907.101
MinimumVisualStudioVersion = 10.0.40219.1
Project("{FAE04EC0-301F-11D3-BF4B-00C04F79EFBC}") = "DataAccess", "DataAccess\DataAccess.csproj", "{2BE59C7A-77D4-444A-87BA-A77E7ECDAD82}"
EndProject
Project("{FAE04EC0-301F-11D3-BF4B-00C04F79EFBC}") = "Business", "Business\Business.csproj", "{AE922792-2719-4D92-9001-BADD7011323B}"
EndProject
Project("{FAE04EC0-301F-11D3-BF4B-00C04F79EFBC}") = "Entities", "Entities\Entities.csproj", "{29069166-C436-4DE9-A6CB-D99EF2DD78E5}"
EndProject
Project("{FAE04EC0-301F-11D3-BF4B-00C04F79EFBC}") = "Console", "Console\Console.csproj", "{68FCF3EB-C011-48EA-92AB-663AB0475238}"
EndProject
Global
	GlobalSection(SolutionConfigurationPlatforms) = preSolution
		Debug|Any CPU = Debug|Any CPU
		Release|Any CPU = Release|Any CPU
	EndGlobalSection
	GlobalSection(ProjectConfigurationPlatforms) = postSolution
		{2BE59C7A-77D4-444A-87BA-A77E7ECDAD82}.Debug|Any CPU.ActiveCfg = Debug|Any CPU
		{2BE59C7A-77D4-444A-87BA-A77E7ECDAD82}.Debug|Any CPU.Build.0 = Debug|Any CPU
		{2BE59C7A-77D4-444A-87BA-A77E7ECDAD82}.Release|Any CPU.ActiveCfg = Release|Any CPU
		{2BE59C7A-77D4-444A-87BA-A77E7ECDAD82}.Release|Any CPU.Build.0 = Release|Any CPU
		{AE922792-2719-4D92-9001-BADD7011323B}.Debug|Any CPU.ActiveCfg = Debug|Any CPU
		{AE922792-2719-4D92-9001-BADD7011323B}.Debug|Any CPU.Build.0 = Debug|Any CPU
		{AE922792-2719-4D92-9001-BADD7011323B}.Release|Any CPU.ActiveCfg = Release|Any CPU
		{AE922792-2719-4D92-9001-BADD7011323B}.Release|Any CPU.Build.0 = Release|Any CPU
		{29069166-C436-4DE9-A6CB-D99EF2DD78E5}.Debug|Any CPU.ActiveCfg = Debug|Any CPU
		{29069166-C436-4DE9-A6CB-D99EF2DD78E5}.Debug|Any CPU.Build.0 = Debug|Any CPU
		{29069166-C436-4DE9-A6CB-D99EF2DD78E5}.Release|Any CPU.ActiveCfg = Release|Any CPU
		{29069166-C436-4DE9-A6CB-D99EF2DD78E5}.Release|Any CPU.Build.0 = Release|Any CPU
		{68FCF3EB-C011-48EA-92AB-663AB0475238}.Debug|Any CPU.ActiveCfg = Debug|Any CPU
		{68FCF3EB-C011-48EA-92AB-663AB0475238}.Debug|Any CPU.Build.0 = Debug|Any CPU
		{68FCF3EB-C011-48EA-92AB-663AB0475238}.Release|Any CPU.ActiveCfg = Release|Any CPU
		{68FCF3EB-C011-48EA-92AB-663AB0475238}.Release|Any CPU.Build.0 = Release|Any CPU
	EndGlobalSection
	GlobalSection(SolutionProperties) = preSolution
		HideSolutionNode = FALSE
	EndGlobalSection
	GlobalSection(ExtensibilityGlobals) = postSolution
		SolutionGuid = {D4823EFC-A4E2-4C0C-9FAD-03EB456A6FC4}
	EndGlobalSection
EndGlobal
